
Microsoft Visual Studio Solution File, Format Version 12.00
# Visual Studio Version 16
VisualStudioVersion = 16.0.31515.178
MinimumVisualStudioVersion = 10.0.40219.1
Project("{FAE04EC0-301F-11D3-BF4B-00C04F79EFBC}") = "FAK.Mongo.API", "FAK.Mongo.API\FAK.Mongo.API.csproj", "{FC468CC0-EB99-4AAD-9E8E-338F6089A01A}"
EndProject
Global
	GlobalSection(SolutionConfigurationPlatforms) = preSolution
		Debug|Any CPU = Debug|Any CPU
		Release|Any CPU = Release|Any CPU
	EndGlobalSection
	GlobalSection(ProjectConfigurationPlatforms) = postSolution
		{FC468CC0-EB99-4AAD-9E8E-338F6089A01A}.Debug|Any CPU.ActiveCfg = Debug|Any CPU
		{FC468CC0-EB99-4AAD-9E8E-338F6089A01A}.Debug|Any CPU.Build.0 = Debug|Any CPU
		{FC468CC0-EB99-4AAD-9E8E-338F6089A01A}.Release|Any CPU.ActiveCfg = Release|Any CPU
		{FC468CC0-EB99-4AAD-9E8E-338F6089A01A}.Release|Any CPU.Build.0 = Release|Any CPU
	EndGlobalSection
	GlobalSection(SolutionProperties) = preSolution
		HideSolutionNode = FALSE
	EndGlobalSection
	GlobalSection(ExtensibilityGlobals) = postSolution
		SolutionGuid = {555C075F-A11A-4DFE-BF61-E217C5FE43F5}
	EndGlobalSection
EndGlobal
